{
  "name": "styleX",
  "lockfileVersion": 3,
  "requires": true,
  "packages": {
    "": {
      "dependencies": {
        "bun": "^1.0.23"
      }
    },
    "node_modules/@oven/bun-darwin-aarch64": {
      "version": "1.0.23",
      "resolved": "https://registry.npmjs.org/@oven/bun-darwin-aarch64/-/bun-darwin-aarch64-1.0.23.tgz",
      "integrity": "sha512-dkGEABH1Vkjgss9c81AeD5UVEjth+r9LgDZuIooJ+3SqGaHW2fv+9Ywrg5FB50hxb/E3UtxdOTCEsMAQsHNm6w==",
      "cpu": [
        "arm64"
      ],
      "optional": true,
      "os": [
        "darwin"
      ]
    },
    "node_modules/@oven/bun-darwin-x64": {
      "version": "1.0.23",
      "resolved": "https://registry.npmjs.org/@oven/bun-darwin-x64/-/bun-darwin-x64-1.0.23.tgz",
      "integrity": "sha512-7ZlivtMlb8s07NW9yoUIzEIEY6HsXGAofudIR5THbwsLZGLj5ffg0aCqpfV4Oud3KGuF2lkHGlnFs9iGDouj6A==",
      "cpu": [
        "x64"
      ],
      "optional": true,
      "os": [
        "darwin"
      ]
    },
    "node_modules/@oven/bun-darwin-x64-baseline": {
      "version": "1.0.23",
      "resolved": "https://registry.npmjs.org/@oven/bun-darwin-x64-baseline/-/bun-darwin-x64-baseline-1.0.23.tgz",
      "integrity": "sha512-Y0l3qxJcma1qxDhe4nCUc04CTAHEQQ28HXtNdzrrgKfX/TTBLBmTQxTqb0VeAosLoVF+sgjfUjVFFEFMrYnFgg==",
      "cpu": [
        "x64"
      ],
      "optional": true,
      "os": [
        "darwin"
      ]
    },
    "node_modules/@oven/bun-linux-aarch64": {
      "version": "1.0.23",
      "resolved": "https://registry.npmjs.org/@oven/bun-linux-aarch64/-/bun-linux-aarch64-1.0.23.tgz",
      "integrity": "sha512-07BWe6Myzksgzph3rlvGe05OE0IsjX06nIs5lU85GIqHj4/WvFw/efKPGWc+miQTGpTacc9hDBhov+dEnb7iSA==",
      "cpu": [
        "arm64"
      ],
      "optional": true,
      "os": [
        "linux"
      ]
    },
    "node_modules/@oven/bun-linux-x64": {
      "version": "1.0.23",
      "resolved": "https://registry.npmjs.org/@oven/bun-linux-x64/-/bun-linux-x64-1.0.23.tgz",
      "integrity": "sha512-qywnmRQlQeo1Y1DNJKogtuSyUsw1CnRWOBWOrKoJC5a4L9V+/Ek9qgpccakY4lZb75i4Fb2zBK2RYiB8LSimng==",
      "cpu": [
        "x64"
      ],
      "optional": true,
      "os": [
        "linux"
      ]
    },
    "node_modules/@oven/bun-linux-x64-baseline": {
      "version": "1.0.23",
      "resolved": "https://registry.npmjs.org/@oven/bun-linux-x64-baseline/-/bun-linux-x64-baseline-1.0.23.tgz",
      "integrity": "sha512-hTPxAe1NTFuCJvvwOpptr25BB4nsr/169rVhID2ZZBFbaZAVFQEV+QJsptI2xXq8pc2Gln0+hndli7/9ZYvo9w==",
      "cpu": [
        "x64"
      ],
      "optional": true,
      "os": [
        "linux"
      ]
    },
    "node_modules/bun": {
      "version": "1.0.23",
      "resolved": "https://registry.npmjs.org/bun/-/bun-1.0.23.tgz",
      "integrity": "sha512-quznVjIV3yHMkfx4k1vS4z10hL3c6wGb11eKmtQJ1GrKj3tumXEGHTakb+YFTX8+SLw7IUNzlnpur1UJWtY2gw==",
      "cpu": [
        "arm64",
        "x64"
      ],
      "hasInstallScript": true,
      "os": [
        "darwin",
        "linux"
      ],
      "bin": {
        "bun": "bin/bun",
        "bunx": "bin/bun"
      },
      "optionalDependencies": {
        "@oven/bun-darwin-aarch64": "1.0.23",
        "@oven/bun-darwin-x64": "1.0.23",
        "@oven/bun-darwin-x64-baseline": "1.0.23",
        "@oven/bun-linux-aarch64": "1.0.23",
        "@oven/bun-linux-x64": "1.0.23",
        "@oven/bun-linux-x64-baseline": "1.0.23"
      }
    }
  }
}
